
Microsoft Visual Studio Solution File, Format Version 12.00
# Visual Studio Version 16
VisualStudioVersion = 16.0.31025.194
MinimumVisualStudioVersion = 10.0.40219.1
Project("{FAE04EC0-301F-11D3-BF4B-00C04F79EFBC}") = "PrimeNumber", "PrimeNumber\PrimeNumber.csproj", "{BA971BF9-612F-4F62-8BB3-E2E5595391A3}"
EndProject
Global
	GlobalSection(SolutionConfigurationPlatforms) = preSolution
		Debug|Any CPU = Debug|Any CPU
		Release|Any CPU = Release|Any CPU
	EndGlobalSection
	GlobalSection(ProjectConfigurationPlatforms) = postSolution
		{BA971BF9-612F-4F62-8BB3-E2E5595391A3}.Debug|Any CPU.ActiveCfg = Debug|Any CPU
		{BA971BF9-612F-4F62-8BB3-E2E5595391A3}.Debug|Any CPU.Build.0 = Debug|Any CPU
		{BA971BF9-612F-4F62-8BB3-E2E5595391A3}.Release|Any CPU.ActiveCfg = Release|Any CPU
		{BA971BF9-612F-4F62-8BB3-E2E5595391A3}.Release|Any CPU.Build.0 = Release|Any CPU
	EndGlobalSection
	GlobalSection(SolutionProperties) = preSolution
		HideSolutionNode = FALSE
	EndGlobalSection
	GlobalSection(ExtensibilityGlobals) = postSolution
		SolutionGuid = {9D613E15-FFBF-48B7-914B-C84BE3F417AF}
	EndGlobalSection
EndGlobal
